
Microsoft Visual Studio Solution File, Format Version 12.00
# Visual Studio Version 17
VisualStudioVersion = 17.3.32901.215
MinimumVisualStudioVersion = 10.0.40219.1
Project("{2150E333-8FDC-42A3-9474-1A3956D46DE8}") = "Base", "Base", "{7F70C720-F8D7-4747-B6DE-EF62DF2BF9DD}"
EndProject
Project("{2150E333-8FDC-42A3-9474-1A3956D46DE8}") = "DataBase", "DataBase", "{119CD19D-4D9F-49DD-A1EE-8804479FCEBC}"
EndProject
Project("{2150E333-8FDC-42A3-9474-1A3956D46DE8}") = "Shared", "Shared", "{CD728C09-0677-4D6D-B63B-C650E88DC050}"
EndProject
Project("{2150E333-8FDC-42A3-9474-1A3956D46DE8}") = "Service", "Service", "{19E452B8-328F-4D0D-BB8F-3097967D6B64}"
EndProject
Project("{9A19103F-16F7-4668-BE54-9A1E7A4F7556}") = "Task.API", "Task.API\Task.API.csproj", "{E5465D65-E0CD-4D47-AA52-ACDF2872C646}"
EndProject
Project("{9A19103F-16F7-4668-BE54-9A1E7A4F7556}") = "Task.Application", "Task.Application\Task.Application.csproj", "{F3EEADC8-4287-4C75-ADBB-F5EFA93ACF04}"
EndProject
Project("{9A19103F-16F7-4668-BE54-9A1E7A4F7556}") = "Task.Application.Lookups", "Task.Application.Lookup\Task.Application.Lookups.csproj", "{701F799A-AFE5-425B-A53E-127BCD4A254F}"
EndProject
Project("{9A19103F-16F7-4668-BE54-9A1E7A4F7556}") = "Task.Core", "Task.Core\Task.Core.csproj", "{6631FDF1-BE61-45B0-ABBF-D17A624BB143}"
EndProject
Project("{9A19103F-16F7-4668-BE54-9A1E7A4F7556}") = "Task.Data.Repository", "Task.Data.Repository\Task.Data.Repository.csproj", "{B6B59F6D-1B3C-49BC-8849-6A510AC5C3A8}"
EndProject
Project("{9A19103F-16F7-4668-BE54-9A1E7A4F7556}") = "Task.Domain", "Task.Domain\Task.Domain.csproj", "{86EAE676-F6BF-4B82-B16F-5FF5C3DB6CBE}"
EndProject
Project("{9A19103F-16F7-4668-BE54-9A1E7A4F7556}") = "Task.DatabaseMigration", "Task.DatabaseMigration\Task.DatabaseMigration.csproj", "{C0D69167-30E4-4535-8C80-3C6515A5320F}"
EndProject
Project("{9A19103F-16F7-4668-BE54-9A1E7A4F7556}") = "Task.DataBaseUpdate", "Task.DataBaseUpdate\Task.DataBaseUpdate.csproj", "{A994925F-D60B-489B-BE76-A7212661E99D}"
EndProject
Project("{9A19103F-16F7-4668-BE54-9A1E7A4F7556}") = "Task.Shared", "Task.Shared\Task.Shared.csproj", "{B128E04B-4B2B-4CC3-A112-BD125ADC58A9}"
EndProject
Project("{9A19103F-16F7-4668-BE54-9A1E7A4F7556}") = "Task.Shared.Data.Repository", "Task.Shared.Data.Repository\Task.Shared.Data.Repository.csproj", "{1BDD71DB-898A-4E10-8B74-EA7C03A9DC6B}"
EndProject
Global
	GlobalSection(SolutionConfigurationPlatforms) = preSolution
		Debug|Any CPU = Debug|Any CPU
		Release|Any CPU = Release|Any CPU
	EndGlobalSection
	GlobalSection(ProjectConfigurationPlatforms) = postSolution
		{E5465D65-E0CD-4D47-AA52-ACDF2872C646}.Debug|Any CPU.ActiveCfg = Debug|Any CPU
		{E5465D65-E0CD-4D47-AA52-ACDF2872C646}.Debug|Any CPU.Build.0 = Debug|Any CPU
		{E5465D65-E0CD-4D47-AA52-ACDF2872C646}.Release|Any CPU.ActiveCfg = Release|Any CPU
		{E5465D65-E0CD-4D47-AA52-ACDF2872C646}.Release|Any CPU.Build.0 = Release|Any CPU
		{F3EEADC8-4287-4C75-ADBB-F5EFA93ACF04}.Debug|Any CPU.ActiveCfg = Debug|Any CPU
		{F3EEADC8-4287-4C75-ADBB-F5EFA93ACF04}.Debug|Any CPU.Build.0 = Debug|Any CPU
		{F3EEADC8-4287-4C75-ADBB-F5EFA93ACF04}.Release|Any CPU.ActiveCfg = Release|Any CPU
		{F3EEADC8-4287-4C75-ADBB-F5EFA93ACF04}.Release|Any CPU.Build.0 = Release|Any CPU
		{701F799A-AFE5-425B-A53E-127BCD4A254F}.Debug|Any CPU.ActiveCfg = Debug|Any CPU
		{701F799A-AFE5-425B-A53E-127BCD4A254F}.Debug|Any CPU.Build.0 = Debug|Any CPU
		{701F799A-AFE5-425B-A53E-127BCD4A254F}.Release|Any CPU.ActiveCfg = Release|Any CPU
		{701F799A-AFE5-425B-A53E-127BCD4A254F}.Release|Any CPU.Build.0 = Release|Any CPU
		{6631FDF1-BE61-45B0-ABBF-D17A624BB143}.Debug|Any CPU.ActiveCfg = Debug|Any CPU
		{6631FDF1-BE61-45B0-ABBF-D17A624BB143}.Debug|Any CPU.Build.0 = Debug|Any CPU
		{6631FDF1-BE61-45B0-ABBF-D17A624BB143}.Release|Any CPU.ActiveCfg = Release|Any CPU
		{6631FDF1-BE61-45B0-ABBF-D17A624BB143}.Release|Any CPU.Build.0 = Release|Any CPU
		{B6B59F6D-1B3C-49BC-8849-6A510AC5C3A8}.Debug|Any CPU.ActiveCfg = Debug|Any CPU
		{B6B59F6D-1B3C-49BC-8849-6A510AC5C3A8}.Debug|Any CPU.Build.0 = Debug|Any CPU
		{B6B59F6D-1B3C-49BC-8849-6A510AC5C3A8}.Release|Any CPU.ActiveCfg = Release|Any CPU
		{B6B59F6D-1B3C-49BC-8849-6A510AC5C3A8}.Release|Any CPU.Build.0 = Release|Any CPU
		{86EAE676-F6BF-4B82-B16F-5FF5C3DB6CBE}.Debug|Any CPU.ActiveCfg = Debug|Any CPU
		{86EAE676-F6BF-4B82-B16F-5FF5C3DB6CBE}.Debug|Any CPU.Build.0 = Debug|Any CPU
		{86EAE676-F6BF-4B82-B16F-5FF5C3DB6CBE}.Release|Any CPU.ActiveCfg = Release|Any CPU
		{86EAE676-F6BF-4B82-B16F-5FF5C3DB6CBE}.Release|Any CPU.Build.0 = Release|Any CPU
		{C0D69167-30E4-4535-8C80-3C6515A5320F}.Debug|Any CPU.ActiveCfg = Debug|Any CPU
		{C0D69167-30E4-4535-8C80-3C6515A5320F}.Debug|Any CPU.Build.0 = Debug|Any CPU
		{C0D69167-30E4-4535-8C80-3C6515A5320F}.Release|Any CPU.ActiveCfg = Release|Any CPU
		{C0D69167-30E4-4535-8C80-3C6515A5320F}.Release|Any CPU.Build.0 = Release|Any CPU
		{A994925F-D60B-489B-BE76-A7212661E99D}.Debug|Any CPU.ActiveCfg = Debug|Any CPU
		{A994925F-D60B-489B-BE76-A7212661E99D}.Debug|Any CPU.Build.0 = Debug|Any CPU
		{A994925F-D60B-489B-BE76-A7212661E99D}.Release|Any CPU.ActiveCfg = Release|Any CPU
		{A994925F-D60B-489B-BE76-A7212661E99D}.Release|Any CPU.Build.0 = Release|Any CPU
		{B128E04B-4B2B-4CC3-A112-BD125ADC58A9}.Debug|Any CPU.ActiveCfg = Debug|Any CPU
		{B128E04B-4B2B-4CC3-A112-BD125ADC58A9}.Debug|Any CPU.Build.0 = Debug|Any CPU
		{B128E04B-4B2B-4CC3-A112-BD125ADC58A9}.Release|Any CPU.ActiveCfg = Release|Any CPU
		{B128E04B-4B2B-4CC3-A112-BD125ADC58A9}.Release|Any CPU.Build.0 = Release|Any CPU
		{1BDD71DB-898A-4E10-8B74-EA7C03A9DC6B}.Debug|Any CPU.ActiveCfg = Debug|Any CPU
		{1BDD71DB-898A-4E10-8B74-EA7C03A9DC6B}.Debug|Any CPU.Build.0 = Debug|Any CPU
		{1BDD71DB-898A-4E10-8B74-EA7C03A9DC6B}.Release|Any CPU.ActiveCfg = Release|Any CPU
		{1BDD71DB-898A-4E10-8B74-EA7C03A9DC6B}.Release|Any CPU.Build.0 = Release|Any CPU
	EndGlobalSection
	GlobalSection(SolutionProperties) = preSolution
		HideSolutionNode = FALSE
	EndGlobalSection
	GlobalSection(NestedProjects) = preSolution
		{F3EEADC8-4287-4C75-ADBB-F5EFA93ACF04} = {19E452B8-328F-4D0D-BB8F-3097967D6B64}
		{701F799A-AFE5-425B-A53E-127BCD4A254F} = {19E452B8-328F-4D0D-BB8F-3097967D6B64}
		{6631FDF1-BE61-45B0-ABBF-D17A624BB143} = {7F70C720-F8D7-4747-B6DE-EF62DF2BF9DD}
		{B6B59F6D-1B3C-49BC-8849-6A510AC5C3A8} = {7F70C720-F8D7-4747-B6DE-EF62DF2BF9DD}
		{86EAE676-F6BF-4B82-B16F-5FF5C3DB6CBE} = {CD728C09-0677-4D6D-B63B-C650E88DC050}
		{C0D69167-30E4-4535-8C80-3C6515A5320F} = {119CD19D-4D9F-49DD-A1EE-8804479FCEBC}
		{A994925F-D60B-489B-BE76-A7212661E99D} = {119CD19D-4D9F-49DD-A1EE-8804479FCEBC}
		{B128E04B-4B2B-4CC3-A112-BD125ADC58A9} = {CD728C09-0677-4D6D-B63B-C650E88DC050}
		{1BDD71DB-898A-4E10-8B74-EA7C03A9DC6B} = {CD728C09-0677-4D6D-B63B-C650E88DC050}
	EndGlobalSection
	GlobalSection(ExtensibilityGlobals) = postSolution
		SolutionGuid = {EA6E3226-72A4-4CCE-920C-ECD1EA251B4C}
	EndGlobalSection
EndGlobal
